Microsoft Visual Studio Solution File, Format Version 12.00
# Visual Studio Version 17
VisualStudioVersion = 17.5.2.0
MinimumVisualStudioVersion = 10.0.40219.1
Project("{FAE04EC0-301F-11D3-BF4B-00C04F79EFBC}") = "ShoeAppAPI", "ShoeAppAPI.csproj", "{1A744EE4-E767-60D9-17A8-92E238E06B0A}"
EndProject
Global
	GlobalSection(SolutionConfigurationPlatforms) = preSolution
		Debug|Any CPU = Debug|Any CPU
		Release|Any CPU = Release|Any CPU
	EndGlobalSection
	GlobalSection(ProjectConfigurationPlatforms) = postSolution
		{1A744EE4-E767-60D9-17A8-92E238E06B0A}.Debug|Any CPU.ActiveCfg = Debug|Any CPU
		{1A744EE4-E767-60D9-17A8-92E238E06B0A}.Debug|Any CPU.Build.0 = Debug|Any CPU
		{1A744EE4-E767-60D9-17A8-92E238E06B0A}.Release|Any CPU.ActiveCfg = Release|Any CPU
		{1A744EE4-E767-60D9-17A8-92E238E06B0A}.Release|Any CPU.Build.0 = Release|Any CPU
	EndGlobalSection
	GlobalSection(SolutionProperties) = preSolution
		HideSolutionNode = FALSE
	EndGlobalSection
	GlobalSection(ExtensibilityGlobals) = postSolution
		SolutionGuid = {F6E57CF7-3245-402C-A6A1-1D50522311EA}
	EndGlobalSection
EndGlobal
